
Microsoft Visual Studio Solution File, Format Version 12.00
# Visual Studio 15
VisualStudioVersion = 15.0.28307.168
MinimumVisualStudioVersion = 10.0.40219.1
Project("{FAE04EC0-301F-11D3-BF4B-00C04F79EFBC}") = "PersonalLibrary.Server", "PersonalLibrary.Server\PersonalLibrary.Server.csproj", "{3EC9EF1C-21E9-42C3-A826-643F8C8732C9}"
EndProject
Project("{FAE04EC0-301F-11D3-BF4B-00C04F79EFBC}") = "PersonalLibrary.Client", "PersonalLibrary.Client\PersonalLibrary.Client.csproj", "{1C29A4A6-D1DC-4DEA-A1A5-76C09208B355}"
EndProject
Project("{FAE04EC0-301F-11D3-BF4B-00C04F79EFBC}") = "PersonalLibrary.Shared", "PersonalLibrary.Shared\PersonalLibrary.Shared.csproj", "{CCF22891-EF33-400F-B7EA-D71731320CC0}"
EndProject
Global
	GlobalSection(SolutionConfigurationPlatforms) = preSolution
		Debug|Any CPU = Debug|Any CPU
		Release|Any CPU = Release|Any CPU
	EndGlobalSection
	GlobalSection(ProjectConfigurationPlatforms) = postSolution
		{3EC9EF1C-21E9-42C3-A826-643F8C8732C9}.Debug|Any CPU.ActiveCfg = Debug|Any CPU
		{3EC9EF1C-21E9-42C3-A826-643F8C8732C9}.Debug|Any CPU.Build.0 = Debug|Any CPU
		{3EC9EF1C-21E9-42C3-A826-643F8C8732C9}.Release|Any CPU.ActiveCfg = Release|Any CPU
		{3EC9EF1C-21E9-42C3-A826-643F8C8732C9}.Release|Any CPU.Build.0 = Release|Any CPU
		{1C29A4A6-D1DC-4DEA-A1A5-76C09208B355}.Debug|Any CPU.ActiveCfg = Debug|Any CPU
		{1C29A4A6-D1DC-4DEA-A1A5-76C09208B355}.Debug|Any CPU.Build.0 = Debug|Any CPU
		{1C29A4A6-D1DC-4DEA-A1A5-76C09208B355}.Release|Any CPU.ActiveCfg = Release|Any CPU
		{1C29A4A6-D1DC-4DEA-A1A5-76C09208B355}.Release|Any CPU.Build.0 = Release|Any CPU
		{CCF22891-EF33-400F-B7EA-D71731320CC0}.Debug|Any CPU.ActiveCfg = Debug|Any CPU
		{CCF22891-EF33-400F-B7EA-D71731320CC0}.Debug|Any CPU.Build.0 = Debug|Any CPU
		{CCF22891-EF33-400F-B7EA-D71731320CC0}.Release|Any CPU.ActiveCfg = Release|Any CPU
		{CCF22891-EF33-400F-B7EA-D71731320CC0}.Release|Any CPU.Build.0 = Release|Any CPU
	EndGlobalSection
	GlobalSection(SolutionProperties) = preSolution
		HideSolutionNode = FALSE
	EndGlobalSection
	GlobalSection(ExtensibilityGlobals) = postSolution
		SolutionGuid = {A7B88D0B-8474-4284-85E8-646DB151D0D0}
	EndGlobalSection
EndGlobal
